
Microsoft Visual Studio Solution File, Format Version 12.00
# Visual Studio Version 17
VisualStudioVersion = 17.9.34728.123
MinimumVisualStudioVersion = 10.0.40219.1
Project("{FAE04EC0-301F-11D3-BF4B-00C04F79EFBC}") = "FormularioSimple", "FormularioSimple\FormularioSimple.csproj", "{9BA2985D-671C-4E20-82D8-9B3D07293EDB}"
EndProject
Global
	GlobalSection(SolutionConfigurationPlatforms) = preSolution
		Debug|Any CPU = Debug|Any CPU
		Release|Any CPU = Release|Any CPU
	EndGlobalSection
	GlobalSection(ProjectConfigurationPlatforms) = postSolution
		{9BA2985D-671C-4E20-82D8-9B3D07293EDB}.Debug|Any CPU.ActiveCfg = Debug|Any CPU
		{9BA2985D-671C-4E20-82D8-9B3D07293EDB}.Debug|Any CPU.Build.0 = Debug|Any CPU
		{9BA2985D-671C-4E20-82D8-9B3D07293EDB}.Release|Any CPU.ActiveCfg = Release|Any CPU
		{9BA2985D-671C-4E20-82D8-9B3D07293EDB}.Release|Any CPU.Build.0 = Release|Any CPU
	EndGlobalSection
	GlobalSection(SolutionProperties) = preSolution
		HideSolutionNode = FALSE
	EndGlobalSection
	GlobalSection(ExtensibilityGlobals) = postSolution
		SolutionGuid = {03649F73-2CC1-4BB6-B750-CD00CF8BE4C3}
	EndGlobalSection
EndGlobal
